// !$*UTF8*$!
{
	archiveVersion = 1;
	classes = {
	};
	objectVersion = 46;
	objects = {

/* Begin PBXBuildFile section */
		5F2A743E1D382C6E00F795AC /* Fetched results controller delegate.swift in Sources */ = {isa = PBXBuildFile; fileRef = 5F2A74221D382C6E00F795AC /* Fetched results controller delegate.swift */; };
		5F2A743F1D382C6E00F795AC /* Managed object context.swift in Sources */ = {isa = PBXBuildFile; fileRef = 5F2A74231D382C6E00F795AC /* Managed object context.swift */; };
		5F2A74401D382C6E00F795AC /* Managed object.swift in Sources */ = {isa = PBXBuildFile; fileRef = 5F2A74241D382C6E00F795AC /* Managed object.swift */; };
		5F2A74411D382C6E00F795AC /* Observe managed objects.swift in Sources */ = {isa = PBXBuildFile; fileRef = 5F2A74251D382C6E00F795AC /* Observe managed objects.swift */; };
		5F2A74431D382C6E00F795AC /* AnyDataSource.swift in Sources */ = {isa = PBXBuildFile; fileRef = 5F2A74281D382C6E00F795AC /* AnyDataSource.swift */; };
		5F2A74441D382C6E00F795AC /* Collection table.swift in Sources */ = {isa = PBXBuildFile; fileRef = 5F2A74291D382C6E00F795AC /* Collection table.swift */; };
		5F2A74451D382C6E00F795AC /* Data source.swift in Sources */ = {isa = PBXBuildFile; fileRef = 5F2A742A1D382C6E00F795AC /* Data source.swift */; };
		5F2A74461D382C6E00F795AC /* Fetched results data source.swift in Sources */ = {isa = PBXBuildFile; fileRef = 5F2A742B1D382C6E00F795AC /* Fetched results data source.swift */; };
		5F2A74471D382C6E00F795AC /* Section.swift in Sources */ = {isa = PBXBuildFile; fileRef = 5F2A742C1D382C6E00F795AC /* Section.swift */; };
		5F2A74481D382C6E00F795AC /* Simple data source.swift in Sources */ = {isa = PBXBuildFile; fileRef = 5F2A742D1D382C6E00F795AC /* Simple data source.swift */; };
		5F2A74491D382C6E00F795AC /* Supplementary view providing.swift in Sources */ = {isa = PBXBuildFile; fileRef = 5F2A742E1D382C6E00F795AC /* Supplementary view providing.swift */; };
		5F2A744A1D382C6E00F795AC /* Table.swift in Sources */ = {isa = PBXBuildFile; fileRef = 5F2A742F1D382C6E00F795AC /* Table.swift */; };
		5F2A744B1D382C6E00F795AC /* Notifications.swift in Sources */ = {isa = PBXBuildFile; fileRef = 5F2A74311D382C6E00F795AC /* Notifications.swift */; };
		5F2A744C1D382C6E00F795AC /* Then.swift in Sources */ = {isa = PBXBuildFile; fileRef = 5F2A74321D382C6E00F795AC /* Then.swift */; };
		5F2A744D1D382C6E00F795AC /* Path component.swift in Sources */ = {isa = PBXBuildFile; fileRef = 5F2A74341D382C6E00F795AC /* Path component.swift */; };
		5F2A744E1D382C6E00F795AC /* URL scheme.swift in Sources */ = {isa = PBXBuildFile; fileRef = 5F2A74351D382C6E00F795AC /* URL scheme.swift */; };
		5F2A744F1D382C6E00F795AC /* Auto layout.swift in Sources */ = {isa = PBXBuildFile; fileRef = 5F2A74371D382C6E00F795AC /* Auto layout.swift */; };
		5F2A74501D382C6E00F795AC /* Bar button.swift in Sources */ = {isa = PBXBuildFile; fileRef = 5F2A74381D382C6E00F795AC /* Bar button.swift */; };
		5F2A74511D382C6E00F795AC /* Closure support.swift in Sources */ = {isa = PBXBuildFile; fileRef = 5F2A74391D382C6E00F795AC /* Closure support.swift */; };
		5F2A74521D382C6E00F795AC /* Post init.swift in Sources */ = {isa = PBXBuildFile; fileRef = 5F2A743A1D382C6E00F795AC /* Post init.swift */; };
		5F2A74531D382C6E00F795AC /* Refresh control.swift in Sources */ = {isa = PBXBuildFile; fileRef = 5F2A743B1D382C6E00F795AC /* Refresh control.swift */; };
		5F2A74541D382C6E00F795AC /* Reuseable view.swift in Sources */ = {isa = PBXBuildFile; fileRef = 5F2A743C1D382C6E00F795AC /* Reuseable view.swift */; };
		5F2A74551D382C6E00F795AC /* Switching view controller.swift in Sources */ = {isa = PBXBuildFile; fileRef = 5F2A743D1D382C6E00F795AC /* Switching view controller.swift */; };
		5F47D43F1DBF500800E719F7 /* TableChange+CoreData.swift in Sources */ = {isa = PBXBuildFile; fileRef = 5F47D43E1DBF500800E719F7 /* TableChange+CoreData.swift */; };
		5F47D4411DBF50A300E719F7 /* TableChange.swift in Sources */ = {isa = PBXBuildFile; fileRef = 5F47D4401DBF50A300E719F7 /* TableChange.swift */; };
		5F8688501D7C78930069EA98 /* Safe array subscribting.swift in Sources */ = {isa = PBXBuildFile; fileRef = 5F86884F1D7C78930069EA98 /* Safe array subscribting.swift */; };
/* End PBXBuildFile section */

/* Begin PBXContainerItemProxy section */
		5F2A74171D382A4600F795AC /* PBXContainerItemProxy */ = {
			isa = PBXContainerItemProxy;
			containerPortal = 5F2A73F91D38284600F795AC /* Project object */;
			proxyType = 1;
			remoteGlobalIDString = 5F2A74011D38284600F795AC;
			remoteInfo = UnclutterKit;
		};
/* End PBXContainerItemProxy section */

/* Begin PBXFileReference section */
		5F20B8721DCB3D3500E302DB /* CoreData.framework */ = {isa = PBXFileReference; lastKnownFileType = wrapper.framework; name = CoreData.framework; path = System/Library/Frameworks/CoreData.framework; sourceTree = SDKROOT; };
		5F2A74021D38284600F795AC /* UnclutterKit.framework */ = {isa = PBXFileReference; explicitFileType = wrapper.framework; includeInIndex = 0; path = UnclutterKit.framework; sourceTree = BUILT_PRODUCTS_DIR; };
		5F2A74061D38284600F795AC /* Info.plist */ = {isa = PBXFileReference; lastKnownFileType = text.plist.xml; path = Info.plist; sourceTree = "<group>"; };
		5F2A74111D382A4600F795AC /* .xctest */ = {isa = PBXFileReference; explicitFileType = wrapper.cfbundle; includeInIndex = 0; path = .xctest; sourceTree = BUILT_PRODUCTS_DIR; };
		5F2A74151D382A4600F795AC /* Info.plist */ = {isa = PBXFileReference; lastKnownFileType = text.plist.xml; path = Info.plist; sourceTree = "<group>"; };
		5F2A74221D382C6E00F795AC /* Fetched results controller delegate.swift */ = {isa = PBXFileReference; fileEncoding = 4; lastKnownFileType = sourcecode.swift; path = "Fetched results controller delegate.swift"; sourceTree = "<group>"; };
		5F2A74231D382C6E00F795AC /* Managed object context.swift */ = {isa = PBXFileReference; fileEncoding = 4; lastKnownFileType = sourcecode.swift; path = "Managed object context.swift"; sourceTree = "<group>"; };
		5F2A74241D382C6E00F795AC /* Managed object.swift */ = {isa = PBXFileReference; fileEncoding = 4; lastKnownFileType = sourcecode.swift; path = "Managed object.swift"; sourceTree = "<group>"; };
		5F2A74251D382C6E00F795AC /* Observe managed objects.swift */ = {isa = PBXFileReference; fileEncoding = 4; lastKnownFileType = sourcecode.swift; path = "Observe managed objects.swift"; sourceTree = "<group>"; };
		5F2A74281D382C6E00F795AC /* AnyDataSource.swift */ = {isa = PBXFileReference; fileEncoding = 4; lastKnownFileType = sourcecode.swift; path = AnyDataSource.swift; sourceTree = "<group>"; };
		5F2A74291D382C6E00F795AC /* Collection table.swift */ = {isa = PBXFileReference; fileEncoding = 4; lastKnownFileType = sourcecode.swift; path = "Collection table.swift"; sourceTree = "<group>"; };
		5F2A742A1D382C6E00F795AC /* Data source.swift */ = {isa = PBXFileReference; fileEncoding = 4; lastKnownFileType = sourcecode.swift; path = "Data source.swift"; sourceTree = "<group>"; };
		5F2A742B1D382C6E00F795AC /* Fetched results data source.swift */ = {isa = PBXFileReference; fileEncoding = 4; lastKnownFileType = sourcecode.swift; path = "Fetched results data source.swift"; sourceTree = "<group>"; };
		5F2A742C1D382C6E00F795AC /* Section.swift */ = {isa = PBXFileReference; fileEncoding = 4; lastKnownFileType = sourcecode.swift; path = Section.swift; sourceTree = "<group>"; };
		5F2A742D1D382C6E00F795AC /* Simple data source.swift */ = {isa = PBXFileReference; fileEncoding = 4; lastKnownFileType = sourcecode.swift; path = "Simple data source.swift"; sourceTree = "<group>"; };
		5F2A742E1D382C6E00F795AC /* Supplementary view providing.swift */ = {isa = PBXFileReference; fileEncoding = 4; lastKnownFileType = sourcecode.swift; path = "Supplementary view providing.swift"; sourceTree = "<group>"; };
		5F2A742F1D382C6E00F795AC /* Table.swift */ = {isa = PBXFileReference; fileEncoding = 4; lastKnownFileType = sourcecode.swift; path = Table.swift; sourceTree = "<group>"; };
		5F2A74311D382C6E00F795AC /* Notifications.swift */ = {isa = PBXFileReference; fileEncoding = 4; lastKnownFileType = sourcecode.swift; path = Notifications.swift; sourceTree = "<group>"; };
		5F2A74321D382C6E00F795AC /* Then.swift */ = {isa = PBXFileReference; fileEncoding = 4; lastKnownFileType = sourcecode.swift; path = Then.swift; sourceTree = "<group>"; };
		5F2A74341D382C6E00F795AC /* Path component.swift */ = {isa = PBXFileReference; fileEncoding = 4; lastKnownFileType = sourcecode.swift; path = "Path component.swift"; sourceTree = "<group>"; };
		5F2A74351D382C6E00F795AC /* URL scheme.swift */ = {isa = PBXFileReference; fileEncoding = 4; lastKnownFileType = sourcecode.swift; path = "URL scheme.swift"; sourceTree = "<group>"; };
		5F2A74371D382C6E00F795AC /* Auto layout.swift */ = {isa = PBXFileReference; fileEncoding = 4; lastKnownFileType = sourcecode.swift; path = "Auto layout.swift"; sourceTree = "<group>"; };
		5F2A74381D382C6E00F795AC /* Bar button.swift */ = {isa = PBXFileReference; fileEncoding = 4; lastKnownFileType = sourcecode.swift; path = "Bar button.swift"; sourceTree = "<group>"; };
		5F2A74391D382C6E00F795AC /* Closure support.swift */ = {isa = PBXFileReference; fileEncoding = 4; lastKnownFileType = sourcecode.swift; path = "Closure support.swift"; sourceTree = "<group>"; };
		5F2A743A1D382C6E00F795AC /* Post init.swift */ = {isa = PBXFileReference; fileEncoding = 4; lastKnownFileType = sourcecode.swift; path = "Post init.swift"; sourceTree = "<group>"; };
		5F2A743B1D382C6E00F795AC /* Refresh control.swift */ = {isa = PBXFileReference; fileEncoding = 4; lastKnownFileType = sourcecode.swift; path = "Refresh control.swift"; sourceTree = "<group>"; };
		5F2A743C1D382C6E00F795AC /* Reuseable view.swift */ = {isa = PBXFileReference; fileEncoding = 4; lastKnownFileType = sourcecode.swift; path = "Reuseable view.swift"; sourceTree = "<group>"; };
		5F2A743D1D382C6E00F795AC /* Switching view controller.swift */ = {isa = PBXFileReference; fileEncoding = 4; lastKnownFileType = sourcecode.swift; path = "Switching view controller.swift"; sourceTree = "<group>"; };
		5F47D43E1DBF500800E719F7 /* TableChange+CoreData.swift */ = {isa = PBXFileReference; fileEncoding = 4; lastKnownFileType = sourcecode.swift; path = "TableChange+CoreData.swift"; sourceTree = "<group>"; };
		5F47D4401DBF50A300E719F7 /* TableChange.swift */ = {isa = PBXFileReference; fileEncoding = 4; lastKnownFileType = sourcecode.swift; path = TableChange.swift; sourceTree = "<group>"; };
		5F65E29E1DCF5FC000250ECA /* Common.xcconfig */ = {isa = PBXFileReference; lastKnownFileType = text.xcconfig; path = Common.xcconfig; sourceTree = "<group>"; };
		5F65E2A01DCF5FC000250ECA /* Debug.xcconfig */ = {isa = PBXFileReference; lastKnownFileType = text.xcconfig; path = Debug.xcconfig; sourceTree = "<group>"; };
		5F65E2A11DCF5FC000250ECA /* Profile.xcconfig */ = {isa = PBXFileReference; lastKnownFileType = text.xcconfig; path = Profile.xcconfig; sourceTree = "<group>"; };
		5F65E2A21DCF5FC000250ECA /* Release.xcconfig */ = {isa = PBXFileReference; lastKnownFileType = text.xcconfig; path = Release.xcconfig; sourceTree = "<group>"; };
		5F65E2A31DCF5FC000250ECA /* Test.xcconfig */ = {isa = PBXFileReference; lastKnownFileType = text.xcconfig; path = Test.xcconfig; sourceTree = "<group>"; };
		5F65E2A51DCF5FC000250ECA /* Application.xcconfig */ = {isa = PBXFileReference; lastKnownFileType = text.xcconfig; path = Application.xcconfig; sourceTree = "<group>"; };
		5F65E2A61DCF5FC000250ECA /* Framework.xcconfig */ = {isa = PBXFileReference; lastKnownFileType = text.xcconfig; path = Framework.xcconfig; sourceTree = "<group>"; };
		5F65E2A71DCF5FC000250ECA /* StaticLibrary.xcconfig */ = {isa = PBXFileReference; lastKnownFileType = text.xcconfig; path = StaticLibrary.xcconfig; sourceTree = "<group>"; };
		5F65E2A91DCF5FC000250ECA /* iOS-Application.xcconfig */ = {isa = PBXFileReference; lastKnownFileType = text.xcconfig; path = "iOS-Application.xcconfig"; sourceTree = "<group>"; };
		5F65E2AA1DCF5FC000250ECA /* iOS-Base.xcconfig */ = {isa = PBXFileReference; lastKnownFileType = text.xcconfig; path = "iOS-Base.xcconfig"; sourceTree = "<group>"; };
		5F65E2AB1DCF5FC000250ECA /* iOS-Framework.xcconfig */ = {isa = PBXFileReference; lastKnownFileType = text.xcconfig; path = "iOS-Framework.xcconfig"; sourceTree = "<group>"; };
		5F65E2AC1DCF5FC000250ECA /* iOS-StaticLibrary.xcconfig */ = {isa = PBXFileReference; lastKnownFileType = text.xcconfig; path = "iOS-StaticLibrary.xcconfig"; sourceTree = "<group>"; };
		5F65E2AE1DCF5FC000250ECA /* Mac-Application.xcconfig */ = {isa = PBXFileReference; lastKnownFileType = text.xcconfig; path = "Mac-Application.xcconfig"; sourceTree = "<group>"; };
		5F65E2AF1DCF5FC000250ECA /* Mac-Base.xcconfig */ = {isa = PBXFileReference; lastKnownFileType = text.xcconfig; path = "Mac-Base.xcconfig"; sourceTree = "<group>"; };
		5F65E2B01DCF5FC000250ECA /* Mac-DynamicLibrary.xcconfig */ = {isa = PBXFileReference; lastKnownFileType = text.xcconfig; path = "Mac-DynamicLibrary.xcconfig"; sourceTree = "<group>"; };
		5F65E2B11DCF5FC000250ECA /* Mac-Framework.xcconfig */ = {isa = PBXFileReference; lastKnownFileType = text.xcconfig; path = "Mac-Framework.xcconfig"; sourceTree = "<group>"; };
		5F65E2B21DCF5FC000250ECA /* Mac-StaticLibrary.xcconfig */ = {isa = PBXFileReference; lastKnownFileType = text.xcconfig; path = "Mac-StaticLibrary.xcconfig"; sourceTree = "<group>"; };
		5F65E2B51DCF5FC000250ECA /* tvOS-Application.xcconfig */ = {isa = PBXFileReference; lastKnownFileType = text.xcconfig; path = "tvOS-Application.xcconfig"; sourceTree = "<group>"; };
		5F65E2B61DCF5FC000250ECA /* tvOS-Base.xcconfig */ = {isa = PBXFileReference; lastKnownFileType = text.xcconfig; path = "tvOS-Base.xcconfig"; sourceTree = "<group>"; };
		5F65E2B71DCF5FC000250ECA /* tvOS-Framework.xcconfig */ = {isa = PBXFileReference; lastKnownFileType = text.xcconfig; path = "tvOS-Framework.xcconfig"; sourceTree = "<group>"; };
		5F65E2B81DCF5FC000250ECA /* tvOS-StaticLibrary.xcconfig */ = {isa = PBXFileReference; lastKnownFileType = text.xcconfig; path = "tvOS-StaticLibrary.xcconfig"; sourceTree = "<group>"; };
		5F65E2BA1DCF5FC000250ECA /* watchOS-Application.xcconfig */ = {isa = PBXFileReference; lastKnownFileType = text.xcconfig; path = "watchOS-Application.xcconfig"; sourceTree = "<group>"; };
		5F65E2BB1DCF5FC000250ECA /* watchOS-Base.xcconfig */ = {isa = PBXFileReference; lastKnownFileType = text.xcconfig; path = "watchOS-Base.xcconfig"; sourceTree = "<group>"; };
		5F65E2BC1DCF5FC000250ECA /* watchOS-Framework.xcconfig */ = {isa = PBXFileReference; lastKnownFileType = text.xcconfig; path = "watchOS-Framework.xcconfig"; sourceTree = "<group>"; };
		5F65E2BD1DCF5FC000250ECA /* watchOS-StaticLibrary.xcconfig */ = {isa = PBXFileReference; lastKnownFileType = text.xcconfig; path = "watchOS-StaticLibrary.xcconfig"; sourceTree = "<group>"; };
		5F65E2BE1DCF5FDF00250ECA /* UnclutterKit-Common.xcconfig */ = {isa = PBXFileReference; lastKnownFileType = text.xcconfig; path = "UnclutterKit-Common.xcconfig"; sourceTree = "<group>"; };
		5F65E2BF1DCF5FDF00250ECA /* UnclutterKit-Debug.xcconfig */ = {isa = PBXFileReference; lastKnownFileType = text.xcconfig; path = "UnclutterKit-Debug.xcconfig"; sourceTree = "<group>"; };
		5F65E2C01DCF5FDF00250ECA /* UnclutterKit-Release.xcconfig */ = {isa = PBXFileReference; lastKnownFileType = text.xcconfig; path = "UnclutterKit-Release.xcconfig"; sourceTree = "<group>"; };
		5F7CD73B1D80778A00CE7342 /* Changeset.framework */ = {isa = PBXFileReference; lastKnownFileType = wrapper.framework; name = Changeset.framework; path = Carthage/Build/iOS/Changeset.framework; sourceTree = "<group>"; };
		5F86884F1D7C78930069EA98 /* Safe array subscribting.swift */ = {isa = PBXFileReference; fileEncoding = 4; lastKnownFileType = sourcecode.swift; path = "Safe array subscribting.swift"; sourceTree = "<group>"; };
/* End PBXFileReference section */

/* Begin PBXFrameworksBuildPhase section */
		5F2A73FE1D38284600F795AC /* Frameworks */ = {
			isa = PBXFrameworksBuildPhase;
			buildActionMask = 2147483647;
			files = (
			);
			runOnlyForDeploymentPostprocessing = 0;
		};
		5F2A740E1D382A4600F795AC /* Frameworks */ = {
			isa = PBXFrameworksBuildPhase;
			buildActionMask = 2147483647;
			files = (
			);
			runOnlyForDeploymentPostprocessing = 0;
		};
/* End PBXFrameworksBuildPhase section */

/* Begin PBXGroup section */
		5F2A73F81D38284600F795AC = {
			isa = PBXGroup;
			children = (
				5F65E29A1DCF5FC000250ECA /* Config */,
				5F2A74031D38284600F795AC /* Products */,
				5F2A74041D38284600F795AC /* Sources */,
				5F2A74121D382A4600F795AC /* Tests */,
				5F7CD73A1D80778A00CE7342 /* Frameworks */,
			);
			sourceTree = "<group>";
		};
		5F2A74031D38284600F795AC /* Products */ = {
			isa = PBXGroup;
			children = (
				5F2A74021D38284600F795AC /* UnclutterKit.framework */,
				5F2A74111D382A4600F795AC /* .xctest */,
			);
			name = Products;
			sourceTree = "<group>";
		};
		5F2A74041D38284600F795AC /* Sources */ = {
			isa = PBXGroup;
			children = (
				5F2A74211D382C6E00F795AC /* Core Data */,
				5F2A74271D382C6E00F795AC /* Data source */,
				5F2A74301D382C6E00F795AC /* Misc */,
				5F2A74331D382C6E00F795AC /* Networking */,
				5F2A74361D382C6E00F795AC /* UI */,
				5F2A74061D38284600F795AC /* Info.plist */,
			);
			path = Sources;
			sourceTree = "<group>";
		};
		5F2A74121D382A4600F795AC /* Tests */ = {
			isa = PBXGroup;
			children = (
				5F2A74151D382A4600F795AC /* Info.plist */,
			);
			path = Tests;
			sourceTree = "<group>";
		};
		5F2A74211D382C6E00F795AC /* Core Data */ = {
			isa = PBXGroup;
			children = (
				5F2A74221D382C6E00F795AC /* Fetched results controller delegate.swift */,
				5F2A74231D382C6E00F795AC /* Managed object context.swift */,
				5F2A74241D382C6E00F795AC /* Managed object.swift */,
				5F2A74251D382C6E00F795AC /* Observe managed objects.swift */,
				5F47D43E1DBF500800E719F7 /* TableChange+CoreData.swift */,
			);
			path = "Core Data";
			sourceTree = "<group>";
		};
		5F2A74271D382C6E00F795AC /* Data source */ = {
			isa = PBXGroup;
			children = (
				5F2A74281D382C6E00F795AC /* AnyDataSource.swift */,
				5F2A74291D382C6E00F795AC /* Collection table.swift */,
				5F2A742A1D382C6E00F795AC /* Data source.swift */,
				5F2A742B1D382C6E00F795AC /* Fetched results data source.swift */,
				5F2A742C1D382C6E00F795AC /* Section.swift */,
				5F2A742D1D382C6E00F795AC /* Simple data source.swift */,
				5F2A742E1D382C6E00F795AC /* Supplementary view providing.swift */,
				5F2A742F1D382C6E00F795AC /* Table.swift */,
				5F47D4401DBF50A300E719F7 /* TableChange.swift */,
			);
			path = "Data source";
			sourceTree = "<group>";
		};
		5F2A74301D382C6E00F795AC /* Misc */ = {
			isa = PBXGroup;
			children = (
				5F2A74311D382C6E00F795AC /* Notifications.swift */,
				5F2A74321D382C6E00F795AC /* Then.swift */,
				5F86884F1D7C78930069EA98 /* Safe array subscribting.swift */,
			);
			path = Misc;
			sourceTree = "<group>";
		};
		5F2A74331D382C6E00F795AC /* Networking */ = {
			isa = PBXGroup;
			children = (
				5F2A74341D382C6E00F795AC /* Path component.swift */,
				5F2A74351D382C6E00F795AC /* URL scheme.swift */,
			);
			path = Networking;
			sourceTree = "<group>";
		};
		5F2A74361D382C6E00F795AC /* UI */ = {
			isa = PBXGroup;
			children = (
				5F2A74371D382C6E00F795AC /* Auto layout.swift */,
				5F2A74381D382C6E00F795AC /* Bar button.swift */,
				5F2A74391D382C6E00F795AC /* Closure support.swift */,
				5F2A743A1D382C6E00F795AC /* Post init.swift */,
				5F2A743B1D382C6E00F795AC /* Refresh control.swift */,
				5F2A743C1D382C6E00F795AC /* Reuseable view.swift */,
				5F2A743D1D382C6E00F795AC /* Switching view controller.swift */,
			);
			path = UI;
			sourceTree = "<group>";
		};
		5F65E29A1DCF5FC000250ECA /* Config */ = {
			isa = PBXGroup;
			children = (
				5F65E29B1DCF5FC000250ECA /* xcconfigs */,
				5F65E2BE1DCF5FDF00250ECA /* UnclutterKit-Common.xcconfig */,
				5F65E2BF1DCF5FDF00250ECA /* UnclutterKit-Debug.xcconfig */,
				5F65E2C01DCF5FDF00250ECA /* UnclutterKit-Release.xcconfig */,
			);
			path = Config;
			sourceTree = "<group>";
		};
		5F65E29B1DCF5FC000250ECA /* xcconfigs */ = {
			isa = PBXGroup;
			children = (
				5F65E29D1DCF5FC000250ECA /* Base */,
				5F65E2A81DCF5FC000250ECA /* iOS */,
				5F65E2AD1DCF5FC000250ECA /* Mac OS X */,
				5F65E2B41DCF5FC000250ECA /* tvOS */,
				5F65E2B91DCF5FC000250ECA /* watchOS */,
			);
			path = xcconfigs;
			sourceTree = "<group>";
		};
		5F65E29D1DCF5FC000250ECA /* Base */ = {
			isa = PBXGroup;
			children = (
				5F65E29E1DCF5FC000250ECA /* Common.xcconfig */,
				5F65E29F1DCF5FC000250ECA /* Configurations */,
				5F65E2A41DCF5FC000250ECA /* Targets */,
			);
			path = Base;
			sourceTree = "<group>";
		};
		5F65E29F1DCF5FC000250ECA /* Configurations */ = {
			isa = PBXGroup;
			children = (
				5F65E2A01DCF5FC000250ECA /* Debug.xcconfig */,
				5F65E2A11DCF5FC000250ECA /* Profile.xcconfig */,
				5F65E2A21DCF5FC000250ECA /* Release.xcconfig */,
				5F65E2A31DCF5FC000250ECA /* Test.xcconfig */,
			);
			path = Configurations;
			sourceTree = "<group>";
		};
		5F65E2A41DCF5FC000250ECA /* Targets */ = {
			isa = PBXGroup;
			children = (
				5F65E2A51DCF5FC000250ECA /* Application.xcconfig */,
				5F65E2A61DCF5FC000250ECA /* Framework.xcconfig */,
				5F65E2A71DCF5FC000250ECA /* StaticLibrary.xcconfig */,
			);
			path = Targets;
			sourceTree = "<group>";
		};
		5F65E2A81DCF5FC000250ECA /* iOS */ = {
			isa = PBXGroup;
			children = (
				5F65E2A91DCF5FC000250ECA /* iOS-Application.xcconfig */,
				5F65E2AA1DCF5FC000250ECA /* iOS-Base.xcconfig */,
				5F65E2AB1DCF5FC000250ECA /* iOS-Framework.xcconfig */,
				5F65E2AC1DCF5FC000250ECA /* iOS-StaticLibrary.xcconfig */,
			);
			path = iOS;
			sourceTree = "<group>";
		};
		5F65E2AD1DCF5FC000250ECA /* Mac OS X */ = {
			isa = PBXGroup;
			children = (
				5F65E2AE1DCF5FC000250ECA /* Mac-Application.xcconfig */,
				5F65E2AF1DCF5FC000250ECA /* Mac-Base.xcconfig */,
				5F65E2B01DCF5FC000250ECA /* Mac-DynamicLibrary.xcconfig */,
				5F65E2B11DCF5FC000250ECA /* Mac-Framework.xcconfig */,
				5F65E2B21DCF5FC000250ECA /* Mac-StaticLibrary.xcconfig */,
			);
			path = "Mac OS X";
			sourceTree = "<group>";
		};
		5F65E2B41DCF5FC000250ECA /* tvOS */ = {
			isa = PBXGroup;
			children = (
				5F65E2B51DCF5FC000250ECA /* tvOS-Application.xcconfig */,
				5F65E2B61DCF5FC000250ECA /* tvOS-Base.xcconfig */,
				5F65E2B71DCF5FC000250ECA /* tvOS-Framework.xcconfig */,
				5F65E2B81DCF5FC000250ECA /* tvOS-StaticLibrary.xcconfig */,
			);
			path = tvOS;
			sourceTree = "<group>";
		};
		5F65E2B91DCF5FC000250ECA /* watchOS */ = {
			isa = PBXGroup;
			children = (
				5F65E2BA1DCF5FC000250ECA /* watchOS-Application.xcconfig */,
				5F65E2BB1DCF5FC000250ECA /* watchOS-Base.xcconfig */,
				5F65E2BC1DCF5FC000250ECA /* watchOS-Framework.xcconfig */,
				5F65E2BD1DCF5FC000250ECA /* watchOS-StaticLibrary.xcconfig */,
			);
			path = watchOS;
			sourceTree = "<group>";
		};
		5F7CD73A1D80778A00CE7342 /* Frameworks */ = {
			isa = PBXGroup;
			children = (
				5F20B8721DCB3D3500E302DB /* CoreData.framework */,
				5F7CD73B1D80778A00CE7342 /* Changeset.framework */,
			);
			name = Frameworks;
			sourceTree = "<group>";
		};
/* End PBXGroup section */

/* Begin PBXHeadersBuildPhase section */
		5F2A73FF1D38284600F795AC /* Headers */ = {
			isa = PBXHeadersBuildPhase;
			buildActionMask = 2147483647;
			files = (
			);
			runOnlyForDeploymentPostprocessing = 0;
		};
/* End PBXHeadersBuildPhase section */

/* Begin PBXNativeTarget section */
		5F2A74011D38284600F795AC /* UnclutterKit */ = {
			isa = PBXNativeTarget;
			buildConfigurationList = 5F2A740A1D38284600F795AC /* Build configuration list for PBXNativeTarget "UnclutterKit" */;
			buildPhases = (
				5F2A73FD1D38284600F795AC /* Sources */,
				5F2A73FE1D38284600F795AC /* Frameworks */,
				5F2A73FF1D38284600F795AC /* Headers */,
				5F2A74001D38284600F795AC /* Resources */,
			);
			buildRules = (
			);
			dependencies = (
			);
			name = UnclutterKit;
			productName = UnclutterKit;
			productReference = 5F2A74021D38284600F795AC /* UnclutterKit.framework */;
			productType = "com.apple.product-type.framework";
		};
		5F2A74101D382A4600F795AC /* UnclutterKitTests */ = {
			isa = PBXNativeTarget;
			buildConfigurationList = 5F2A74191D382A4600F795AC /* Build configuration list for PBXNativeTarget "UnclutterKitTests" */;
			buildPhases = (
				5F2A740D1D382A4600F795AC /* Sources */,
				5F2A740E1D382A4600F795AC /* Frameworks */,
				5F2A740F1D382A4600F795AC /* Resources */,
			);
			buildRules = (
			);
			dependencies = (
				5F2A74181D382A4600F795AC /* PBXTargetDependency */,
			);
			name = UnclutterKitTests;
			productName = UnclutterKitTests;
			productReference = 5F2A74111D382A4600F795AC /* .xctest */;
			productType = "com.apple.product-type.bundle.unit-test";
		};
/* End PBXNativeTarget section */

/* Begin PBXProject section */
		5F2A73F91D38284600F795AC /* Project object */ = {
			isa = PBXProject;
			attributes = {
				LastSwiftUpdateCheck = 0800;
				LastUpgradeCheck = 0810;
				ORGANIZATIONNAME = Unclutter;
				TargetAttributes = {
					5F2A74011D38284600F795AC = {
						CreatedOnToolsVersion = 8.0;
						DevelopmentTeam = VWZ8DUTWFQ;
						DevelopmentTeamName = "Siemen Sikkema (Personal Team)";
						ProvisioningStyle = Automatic;
					};
					5F2A74101D382A4600F795AC = {
						CreatedOnToolsVersion = 8.0;
						DevelopmentTeam = VWZ8DUTWFQ;
						DevelopmentTeamName = "Siemen Sikkema (Personal Team)";
						LastSwiftMigration = 0800;
						ProvisioningStyle = Automatic;
					};
				};
			};
			buildConfigurationList = 5F2A73FC1D38284600F795AC /* Build configuration list for PBXProject "UnclutterKit" */;
			compatibilityVersion = "Xcode 3.2";
			developmentRegion = English;
			hasScannedForEncodings = 0;
			knownRegions = (
				en,
			);
			mainGroup = 5F2A73F81D38284600F795AC;
			productRefGroup = 5F2A74031D38284600F795AC /* Products */;
			projectDirPath = "";
			projectRoot = "";
			targets = (
				5F2A74011D38284600F795AC /* UnclutterKit */,
				5F2A74101D382A4600F795AC /* UnclutterKitTests */,
			);
		};
/* End PBXProject section */

/* Begin PBXResourcesBuildPhase section */
		5F2A74001D38284600F795AC /* Resources */ = {
			isa = PBXResourcesBuildPhase;
			buildActionMask = 2147483647;
			files = (
			);
			runOnlyForDeploymentPostprocessing = 0;
		};
		5F2A740F1D382A4600F795AC /* Resources */ = {
			isa = PBXResourcesBuildPhase;
			buildActionMask = 2147483647;
			files = (
			);
			runOnlyForDeploymentPostprocessing = 0;
		};
/* End PBXResourcesBuildPhase section */

/* Begin PBXSourcesBuildPhase section */
		5F2A73FD1D38284600F795AC /* Sources */ = {
			isa = PBXSourcesBuildPhase;
			buildActionMask = 2147483647;
			files = (
				5F2A74531D382C6E00F795AC /* Refresh control.swift in Sources */,
				5F2A74541D382C6E00F795AC /* Reuseable view.swift in Sources */,
				5F47D4411DBF50A300E719F7 /* TableChange.swift in Sources */,
				5F2A74441D382C6E00F795AC /* Collection table.swift in Sources */,
				5F2A743F1D382C6E00F795AC /* Managed object context.swift in Sources */,
				5F2A74411D382C6E00F795AC /* Observe managed objects.swift in Sources */,
				5F2A74501D382C6E00F795AC /* Bar button.swift in Sources */,
				5F2A74461D382C6E00F795AC /* Fetched results data source.swift in Sources */,
				5F2A743E1D382C6E00F795AC /* Fetched results controller delegate.swift in Sources */,
				5F2A74471D382C6E00F795AC /* Section.swift in Sources */,
				5F2A74551D382C6E00F795AC /* Switching view controller.swift in Sources */,
				5F2A74431D382C6E00F795AC /* AnyDataSource.swift in Sources */,
				5F47D43F1DBF500800E719F7 /* TableChange+CoreData.swift in Sources */,
				5F2A74481D382C6E00F795AC /* Simple data source.swift in Sources */,
				5F2A74521D382C6E00F795AC /* Post init.swift in Sources */,
				5F2A744B1D382C6E00F795AC /* Notifications.swift in Sources */,
				5F2A744A1D382C6E00F795AC /* Table.swift in Sources */,
				5F2A744F1D382C6E00F795AC /* Auto layout.swift in Sources */,
				5F2A74401D382C6E00F795AC /* Managed object.swift in Sources */,
				5F2A74511D382C6E00F795AC /* Closure support.swift in Sources */,
				5F2A74451D382C6E00F795AC /* Data source.swift in Sources */,
				5F2A744E1D382C6E00F795AC /* URL scheme.swift in Sources */,
				5F2A744C1D382C6E00F795AC /* Then.swift in Sources */,
				5F2A74491D382C6E00F795AC /* Supplementary view providing.swift in Sources */,
				5F8688501D7C78930069EA98 /* Safe array subscribting.swift in Sources */,
				5F2A744D1D382C6E00F795AC /* Path component.swift in Sources */,
			);
			runOnlyForDeploymentPostprocessing = 0;
		};
		5F2A740D1D382A4600F795AC /* Sources */ = {
			isa = PBXSourcesBuildPhase;
			buildActionMask = 2147483647;
			files = (
			);
			runOnlyForDeploymentPostprocessing = 0;
		};
/* End PBXSourcesBuildPhase section */

/* Begin PBXTargetDependency section */
		5F2A74181D382A4600F795AC /* PBXTargetDependency */ = {
			isa = PBXTargetDependency;
			target = 5F2A74011D38284600F795AC /* UnclutterKit */;
			targetProxy = 5F2A74171D382A4600F795AC /* PBXContainerItemProxy */;
		};
/* End PBXTargetDependency section */

/* Begin XCBuildConfiguration section */
		5F2A74081D38284600F795AC /* Debug */ = {
			isa = XCBuildConfiguration;
			baseConfigurationReference = 5F65E2BF1DCF5FDF00250ECA /* UnclutterKit-Debug.xcconfig */;
			buildSettings = {
			};
			name = Debug;
		};
		5F2A74091D38284600F795AC /* Release */ = {
			isa = XCBuildConfiguration;
			baseConfigurationReference = 5F65E2C01DCF5FDF00250ECA /* UnclutterKit-Release.xcconfig */;
			buildSettings = {
			};
			name = Release;
		};
		5F2A740B1D38284600F795AC /* Debug */ = {
			isa = XCBuildConfiguration;
			baseConfigurationReference = 5F65E2AB1DCF5FC000250ECA /* iOS-Framework.xcconfig */;
			buildSettings = {
			};
			name = Debug;
		};
		5F2A740C1D38284600F795AC /* Release */ = {
			isa = XCBuildConfiguration;
			baseConfigurationReference = 5F65E2AB1DCF5FC000250ECA /* iOS-Framework.xcconfig */;
			buildSettings = {
			};
			name = Release;
		};
		5F2A741A1D382A4600F795AC /* Debug */ = {
			isa = XCBuildConfiguration;
			baseConfigurationReference = 5F65E2A31DCF5FC000250ECA /* Test.xcconfig */;
			buildSettings = {
				CODE_SIGN_IDENTITY = "Mac Developer";
			};
			name = Debug;
		};
		5F2A741B1D382A4600F795AC /* Release */ = {
			isa = XCBuildConfiguration;
			baseConfigurationReference = 5F65E2A31DCF5FC000250ECA /* Test.xcconfig */;
			buildSettings = {
				CODE_SIGN_IDENTITY = "Mac Developer";
			};
			name = Release;
		};
/* End XCBuildConfiguration section */

/* Begin XCConfigurationList section */
		5F2A73FC1D38284600F795AC /* Build configuration list for PBXProject "UnclutterKit" */ = {
			isa = XCConfigurationList;
			buildConfigurations = (
				5F2A74081D38284600F795AC /* Debug */,
				5F2A74091D38284600F795AC /* Release */,
			);
			defaultConfigurationIsVisible = 0;
			defaultConfigurationName = Debug;
		};
		5F2A740A1D38284600F795AC /* Build configuration list for PBXNativeTarget "UnclutterKit" */ = {
			isa = XCConfigurationList;
			buildConfigurations = (
				5F2A740B1D38284600F795AC /* Debug */,
				5F2A740C1D38284600F795AC /* Release */,
			);
			defaultConfigurationIsVisible = 0;
			defaultConfigurationName = Debug;
		};
		5F2A74191D382A4600F795AC /* Build configuration list for PBXNativeTarget "UnclutterKitTests" */ = {
			isa = XCConfigurationList;
			buildConfigurations = (
				5F2A741A1D382A4600F795AC /* Debug */,
				5F2A741B1D382A4600F795AC /* Release */,
			);
			defaultConfigurationIsVisible = 0;
			defaultConfigurationName = Debug;
		};
/* End XCConfigurationList section */
	};
	rootObject = 5F2A73F91D38284600F795AC /* Project object */;
}
